
Microsoft Visual Studio Solution File, Format Version 12.00
# Visual Studio Version 16
VisualStudioVersion = 16.0.30523.141
MinimumVisualStudioVersion = 10.0.40219.1
Project("{FAE04EC0-301F-11D3-BF4B-00C04F79EFBC}") = "TimeOrganizer", "TimeOrganizer\TimeOrganizer.csproj", "{73F5A6C7-2893-4B3E-A878-ADE5F28B02A7}"
EndProject
Global
	GlobalSection(SolutionConfigurationPlatforms) = preSolution
		Debug|Any CPU = Debug|Any CPU
		Release|Any CPU = Release|Any CPU
	EndGlobalSection
	GlobalSection(ProjectConfigurationPlatforms) = postSolution
		{73F5A6C7-2893-4B3E-A878-ADE5F28B02A7}.Debug|Any CPU.ActiveCfg = Debug|Any CPU
		{73F5A6C7-2893-4B3E-A878-ADE5F28B02A7}.Debug|Any CPU.Build.0 = Debug|Any CPU
		{73F5A6C7-2893-4B3E-A878-ADE5F28B02A7}.Release|Any CPU.ActiveCfg = Release|Any CPU
		{73F5A6C7-2893-4B3E-A878-ADE5F28B02A7}.Release|Any CPU.Build.0 = Release|Any CPU
	EndGlobalSection
	GlobalSection(SolutionProperties) = preSolution
		HideSolutionNode = FALSE
	EndGlobalSection
	GlobalSection(ExtensibilityGlobals) = postSolution
		SolutionGuid = {411BCDB4-AD1A-48F1-B80F-EE1181963F9E}
	EndGlobalSection
EndGlobal
